github.com/WJQSERVER-STUDIO/go-utils/copyb v0.0.6 h1:/50VJYXd6jcu+p5BnEBDyiX0nAyGxas1W3DCnrYMxMY=
github.com/WJQSERVER-STUDIO/go-utils/copyb v0.0.6/go.mod h1:FZ6XE+4TKy4MOfX1xWKe6Rwsg0ucYFCdNh1KLvyKTfc=
github.com/valyala/bytebufferpool v1.0.0 h1:GqA5TC/0021Y/b9FG4Oi9Mr3q7XYx6KllzawFIhcdPw=
github.com/valyala/bytebufferpool v1.0.0/go.mod h1:6bBcMArwyJ5K/AmCkWv1jt77kVWyCJ6HpOuEn7z0Csc=
